
Microsoft Visual Studio Solution File, Format Version 12.00
# Visual Studio Version 17
VisualStudioVersion = 17.11.35327.3
MinimumVisualStudioVersion = 10.0.40219.1
Project("{FAE04EC0-301F-11D3-BF4B-00C04F79EFBC}") = "MauiApp2", "MauiApp2\MauiApp2.csproj", "{2251341B-0F9B-4CC1-9E0B-9BC264993EDC}"
EndProject
Global
	GlobalSection(SolutionConfigurationPlatforms) = preSolution
		Debug|Any CPU = Debug|Any CPU
		Release|Any CPU = Release|Any CPU
	EndGlobalSection
	GlobalSection(ProjectConfigurationPlatforms) = postSolution
		{2251341B-0F9B-4CC1-9E0B-9BC264993EDC}.Debug|Any CPU.ActiveCfg = Debug|Any CPU
		{2251341B-0F9B-4CC1-9E0B-9BC264993EDC}.Debug|Any CPU.Build.0 = Debug|Any CPU
		{2251341B-0F9B-4CC1-9E0B-9BC264993EDC}.Debug|Any CPU.Deploy.0 = Debug|Any CPU
		{2251341B-0F9B-4CC1-9E0B-9BC264993EDC}.Release|Any CPU.ActiveCfg = Release|Any CPU
		{2251341B-0F9B-4CC1-9E0B-9BC264993EDC}.Release|Any CPU.Build.0 = Release|Any CPU
		{2251341B-0F9B-4CC1-9E0B-9BC264993EDC}.Release|Any CPU.Deploy.0 = Release|Any CPU
	EndGlobalSection
	GlobalSection(SolutionProperties) = preSolution
		HideSolutionNode = FALSE
	EndGlobalSection
	GlobalSection(ExtensibilityGlobals) = postSolution
		SolutionGuid = {D1F4D027-3F85-498D-96C3-43B97FE0A881}
	EndGlobalSection
EndGlobal
